
Microsoft Visual Studio Solution File, Format Version 12.00
# Visual Studio 15
VisualStudioVersion = 15.0.27703.2026
MinimumVisualStudioVersion = 10.0.40219.1
Project("{9A19103F-16F7-4668-BE54-9A1E7A4F7556}") = "QuickStart1.Pg", "QuickStart1.Pg\QuickStart1.Pg.csproj", "{02EE69EA-09E7-49EF-80C2-DA34D1416B0B}"
EndProject
Project("{9A19103F-16F7-4668-BE54-9A1E7A4F7556}") = "QuickStart1.Test", "QuickStart1.Test\QuickStart1.Test.csproj", "{89357F13-4168-4AA4-A52C-E8BB0FF46CC7}"
EndProject
Project("{9A19103F-16F7-4668-BE54-9A1E7A4F7556}") = "ArgentSea.Pg", "..\..\ArgentSea.Pg\src\ArgentSea.Pg.csproj", "{1C2AC831-897D-4C10-A77E-34DB26F515CF}"
EndProject
Project("{9A19103F-16F7-4668-BE54-9A1E7A4F7556}") = "ArgentSea", "..\..\ArgentSea.Shared\src\ArgentSea.csproj", "{B3684902-352C-4FC6-9054-7DCC15AED629}"
EndProject
Global
	GlobalSection(SolutionConfigurationPlatforms) = preSolution
		Debug|Any CPU = Debug|Any CPU
		Release|Any CPU = Release|Any CPU
	EndGlobalSection
	GlobalSection(ProjectConfigurationPlatforms) = postSolution
		{02EE69EA-09E7-49EF-80C2-DA34D1416B0B}.Debug|Any CPU.ActiveCfg = Debug|Any CPU
		{02EE69EA-09E7-49EF-80C2-DA34D1416B0B}.Debug|Any CPU.Build.0 = Debug|Any CPU
		{02EE69EA-09E7-49EF-80C2-DA34D1416B0B}.Release|Any CPU.ActiveCfg = Release|Any CPU
		{02EE69EA-09E7-49EF-80C2-DA34D1416B0B}.Release|Any CPU.Build.0 = Release|Any CPU
		{89357F13-4168-4AA4-A52C-E8BB0FF46CC7}.Debug|Any CPU.ActiveCfg = Debug|Any CPU
		{89357F13-4168-4AA4-A52C-E8BB0FF46CC7}.Debug|Any CPU.Build.0 = Debug|Any CPU
		{89357F13-4168-4AA4-A52C-E8BB0FF46CC7}.Release|Any CPU.ActiveCfg = Release|Any CPU
		{89357F13-4168-4AA4-A52C-E8BB0FF46CC7}.Release|Any CPU.Build.0 = Release|Any CPU
		{1C2AC831-897D-4C10-A77E-34DB26F515CF}.Debug|Any CPU.ActiveCfg = Debug|Any CPU
		{1C2AC831-897D-4C10-A77E-34DB26F515CF}.Debug|Any CPU.Build.0 = Debug|Any CPU
		{1C2AC831-897D-4C10-A77E-34DB26F515CF}.Release|Any CPU.ActiveCfg = Release|Any CPU
		{1C2AC831-897D-4C10-A77E-34DB26F515CF}.Release|Any CPU.Build.0 = Release|Any CPU
		{B3684902-352C-4FC6-9054-7DCC15AED629}.Debug|Any CPU.ActiveCfg = Debug|Any CPU
		{B3684902-352C-4FC6-9054-7DCC15AED629}.Debug|Any CPU.Build.0 = Debug|Any CPU
		{B3684902-352C-4FC6-9054-7DCC15AED629}.Release|Any CPU.ActiveCfg = Release|Any CPU
		{B3684902-352C-4FC6-9054-7DCC15AED629}.Release|Any CPU.Build.0 = Release|Any CPU
	EndGlobalSection
	GlobalSection(SolutionProperties) = preSolution
		HideSolutionNode = FALSE
	EndGlobalSection
	GlobalSection(ExtensibilityGlobals) = postSolution
		SolutionGuid = {1FFC68C5-5C78-4DFB-BE57-F66EE5760466}
	EndGlobalSection
EndGlobal
